// !$*UTF8*$!
{
	archiveVersion = 1;
	classes = {
	};
	objectVersion = 56;
	objects = {

/* Begin PBXBuildFile section */
		C26F0E7D2B5D237200AB4A80 /* AppetizersApp.swift in Sources */ = {isa = PBXBuildFile; fileRef = C26F0E7C2B5D237200AB4A80 /* AppetizersApp.swift */; };
		C26F0E832B5D237300AB4A80 /* Assets.xcassets in Resources */ = {isa = PBXBuildFile; fileRef = C26F0E822B5D237300AB4A80 /* Assets.xcassets */; };
		C26F0E862B5D237300AB4A80 /* Preview Assets.xcassets in Resources */ = {isa = PBXBuildFile; fileRef = C26F0E852B5D237300AB4A80 /* Preview Assets.xcassets */; };
		C26F0E922B5D237300AB4A80 /* AppetizersTests.swift in Sources */ = {isa = PBXBuildFile; fileRef = C26F0E912B5D237300AB4A80 /* AppetizersTests.swift */; };
		C26F0E9C2B5D237300AB4A80 /* AppetizersUITests.swift in Sources */ = {isa = PBXBuildFile; fileRef = C26F0E9B2B5D237300AB4A80 /* AppetizersUITests.swift */; };
		C26F0E9E2B5D237300AB4A80 /* AppetizersUITestsLaunchTests.swift in Sources */ = {isa = PBXBuildFile; fileRef = C26F0E9D2B5D237300AB4A80 /* AppetizersUITestsLaunchTests.swift */; };
		C26F0EAB2B5D23AE00AB4A80 /* AppetizersTabView.swift in Sources */ = {isa = PBXBuildFile; fileRef = C26F0EAA2B5D23AE00AB4A80 /* AppetizersTabView.swift */; };
		C26F0EAD2B5D23FB00AB4A80 /* AppetizersListView.swift in Sources */ = {isa = PBXBuildFile; fileRef = C26F0EAC2B5D23FB00AB4A80 /* AppetizersListView.swift */; };
		C26F0EAF2B5D240D00AB4A80 /* AppetizersAccountView.swift in Sources */ = {isa = PBXBuildFile; fileRef = C26F0EAE2B5D240D00AB4A80 /* AppetizersAccountView.swift */; };
		C26F0EB32B5D2DEE00AB4A80 /* Appetizer.swift in Sources */ = {isa = PBXBuildFile; fileRef = C26F0EB22B5D2DEE00AB4A80 /* Appetizer.swift */; };
		C26F0EB52B5D39C500AB4A80 /* AppetizerListCellView.swift in Sources */ = {isa = PBXBuildFile; fileRef = C26F0EB42B5D39C500AB4A80 /* AppetizerListCellView.swift */; };
		C26F0EB72B5D3B4C00AB4A80 /* NetworkManager.swift in Sources */ = {isa = PBXBuildFile; fileRef = C26F0EB62B5D3B4C00AB4A80 /* NetworkManager.swift */; };
		C26F0EB92B5D3EC200AB4A80 /* APError.swift in Sources */ = {isa = PBXBuildFile; fileRef = C26F0EB82B5D3EC200AB4A80 /* APError.swift */; };
		C26F0EBB2B5D802100AB4A80 /* Alert.swift in Sources */ = {isa = PBXBuildFile; fileRef = C26F0EBA2B5D802100AB4A80 /* Alert.swift */; };
		C26F0EBD2B5D829A00AB4A80 /* AppetizerListViewModel.swift in Sources */ = {isa = PBXBuildFile; fileRef = C26F0EBC2B5D829A00AB4A80 /* AppetizerListViewModel.swift */; };
		C26F0EBF2B5DBF7400AB4A80 /* LoadingView.swift in Sources */ = {isa = PBXBuildFile; fileRef = C26F0EBE2B5DBF7400AB4A80 /* LoadingView.swift */; };
		C26F0EC12B5DC0B000AB4A80 /* Color+Ext.swift in Sources */ = {isa = PBXBuildFile; fileRef = C26F0EC02B5DC0B000AB4A80 /* Color+Ext.swift */; };
		C26F0EC32B5DE20900AB4A80 /* RemoteImage.swift in Sources */ = {isa = PBXBuildFile; fileRef = C26F0EC22B5DE20900AB4A80 /* RemoteImage.swift */; };
		C26F0ED22B5DEE9000AB4A80 /* AppetizerDetailView.swift in Sources */ = {isa = PBXBuildFile; fileRef = C26F0ED12B5DEE9000AB4A80 /* AppetizerDetailView.swift */; };
		C2E10B462B5EA93100D51EC1 /* APButton.swift in Sources */ = {isa = PBXBuildFile; fileRef = C2E10B452B5EA93100D51EC1 /* APButton.swift */; };
		C2E10B482B5EAA2C00D51EC1 /* XDismissButton.swift in Sources */ = {isa = PBXBuildFile; fileRef = C2E10B472B5EAA2C00D51EC1 /* XDismissButton.swift */; };
		C2E10B4A2B5EB11800D51EC1 /* AppetizersAccountViewModel.swift in Sources */ = {isa = PBXBuildFile; fileRef = C2E10B492B5EB11800D51EC1 /* AppetizersAccountViewModel.swift */; };
		C2E10B4C2B5EB4BB00D51EC1 /* String+Ext.swift in Sources */ = {isa = PBXBuildFile; fileRef = C2E10B4B2B5EB4BB00D51EC1 /* String+Ext.swift */; };
		C2E10B4E2B5EB81900D51EC1 /* User.swift in Sources */ = {isa = PBXBuildFile; fileRef = C2E10B4D2B5EB81900D51EC1 /* User.swift */; };
		C2E10B502B5EBCDE00D51EC1 /* AppetizersOrderView.swift in Sources */ = {isa = PBXBuildFile; fileRef = C2E10B4F2B5EBCDE00D51EC1 /* AppetizersOrderView.swift */; };
		C2E10B532B5EBFD100D51EC1 /* EmptyState.swift in Sources */ = {isa = PBXBuildFile; fileRef = C2E10B522B5EBFD100D51EC1 /* EmptyState.swift */; };
		C2E10B552B5EC45700D51EC1 /* Order.swift in Sources */ = {isa = PBXBuildFile; fileRef = C2E10B542B5EC45700D51EC1 /* Order.swift */; };
/* End PBXBuildFile section */

/* Begin PBXContainerItemProxy section */
		C26F0E8E2B5D237300AB4A80 /* PBXContainerItemProxy */ = {
			isa = PBXContainerItemProxy;
			containerPortal = C26F0E712B5D237200AB4A80 /* Project object */;
			proxyType = 1;
			remoteGlobalIDString = C26F0E782B5D237200AB4A80;
			remoteInfo = Appetizers;
		};
		C26F0E982B5D237300AB4A80 /* PBXContainerItemProxy */ = {
			isa = PBXContainerItemProxy;
			containerPortal = C26F0E712B5D237200AB4A80 /* Project object */;
			proxyType = 1;
			remoteGlobalIDString = C26F0E782B5D237200AB4A80;
			remoteInfo = Appetizers;
		};
/* End PBXContainerItemProxy section */

/* Begin PBXFileReference section */
		C26F0E792B5D237200AB4A80 /* Appetizers.app */ = {isa = PBXFileReference; explicitFileType = wrapper.application; includeInIndex = 0; path = Appetizers.app; sourceTree = BUILT_PRODUCTS_DIR; };
		C26F0E7C2B5D237200AB4A80 /* AppetizersApp.swift */ = {isa = PBXFileReference; lastKnownFileType = sourcecode.swift; path = AppetizersApp.swift; sourceTree = "<group>"; };
		C26F0E822B5D237300AB4A80 /* Assets.xcassets */ = {isa = PBXFileReference; lastKnownFileType = folder.assetcatalog; path = Assets.xcassets; sourceTree = "<group>"; };
		C26F0E852B5D237300AB4A80 /* Preview Assets.xcassets */ = {isa = PBXFileReference; lastKnownFileType = folder.assetcatalog; path = "Preview Assets.xcassets"; sourceTree = "<group>"; };
		C26F0E872B5D237300AB4A80 /* Appetizers.entitlements */ = {isa = PBXFileReference; lastKnownFileType = text.plist.entitlements; path = Appetizers.entitlements; sourceTree = "<group>"; };
		C26F0E882B5D237300AB4A80 /* Info.plist */ = {isa = PBXFileReference; lastKnownFileType = text.plist.xml; path = Info.plist; sourceTree = "<group>"; };
		C26F0E8D2B5D237300AB4A80 /* AppetizersTests.xctest */ = {isa = PBXFileReference; explicitFileType = wrapper.cfbundle; includeInIndex = 0; path = AppetizersTests.xctest; sourceTree = BUILT_PRODUCTS_DIR; };
		C26F0E912B5D237300AB4A80 /* AppetizersTests.swift */ = {isa = PBXFileReference; lastKnownFileType = sourcecode.swift; path = AppetizersTests.swift; sourceTree = "<group>"; };
		C26F0E972B5D237300AB4A80 /* AppetizersUITests.xctest */ = {isa = PBXFileReference; explicitFileType = wrapper.cfbundle; includeInIndex = 0; path = AppetizersUITests.xctest; sourceTree = BUILT_PRODUCTS_DIR; };
		C26F0E9B2B5D237300AB4A80 /* AppetizersUITests.swift */ = {isa = PBXFileReference; lastKnownFileType = sourcecode.swift; path = AppetizersUITests.swift; sourceTree = "<group>"; };
		C26F0E9D2B5D237300AB4A80 /* AppetizersUITestsLaunchTests.swift */ = {isa = PBXFileReference; lastKnownFileType = sourcecode.swift; path = AppetizersUITestsLaunchTests.swift; sourceTree = "<group>"; };
		C26F0EAA2B5D23AE00AB4A80 /* AppetizersTabView.swift */ = {isa = PBXFileReference; lastKnownFileType = sourcecode.swift; path = AppetizersTabView.swift; sourceTree = "<group>"; };
		C26F0EAC2B5D23FB00AB4A80 /* AppetizersListView.swift */ = {isa = PBXFileReference; lastKnownFileType = sourcecode.swift; path = AppetizersListView.swift; sourceTree = "<group>"; };
		C26F0EAE2B5D240D00AB4A80 /* AppetizersAccountView.swift */ = {isa = PBXFileReference; lastKnownFileType = sourcecode.swift; path = AppetizersAccountView.swift; sourceTree = "<group>"; };
		C26F0EB22B5D2DEE00AB4A80 /* Appetizer.swift */ = {isa = PBXFileReference; lastKnownFileType = sourcecode.swift; path = Appetizer.swift; sourceTree = "<group>"; };
		C26F0EB42B5D39C500AB4A80 /* AppetizerListCellView.swift */ = {isa = PBXFileReference; lastKnownFileType = sourcecode.swift; path = AppetizerListCellView.swift; sourceTree = "<group>"; };
		C26F0EB62B5D3B4C00AB4A80 /* NetworkManager.swift */ = {isa = PBXFileReference; lastKnownFileType = sourcecode.swift; path = NetworkManager.swift; sourceTree = "<group>"; };
		C26F0EB82B5D3EC200AB4A80 /* APError.swift */ = {isa = PBXFileReference; lastKnownFileType = sourcecode.swift; path = APError.swift; sourceTree = "<group>"; };
		C26F0EBA2B5D802100AB4A80 /* Alert.swift */ = {isa = PBXFileReference; lastKnownFileType = sourcecode.swift; path = Alert.swift; sourceTree = "<group>"; };
		C26F0EBC2B5D829A00AB4A80 /* AppetizerListViewModel.swift */ = {isa = PBXFileReference; lastKnownFileType = sourcecode.swift; path = AppetizerListViewModel.swift; sourceTree = "<group>"; };
		C26F0EBE2B5DBF7400AB4A80 /* LoadingView.swift */ = {isa = PBXFileReference; lastKnownFileType = sourcecode.swift; path = LoadingView.swift; sourceTree = "<group>"; };
		C26F0EC02B5DC0B000AB4A80 /* Color+Ext.swift */ = {isa = PBXFileReference; lastKnownFileType = sourcecode.swift; path = "Color+Ext.swift"; sourceTree = "<group>"; };
		C26F0EC22B5DE20900AB4A80 /* RemoteImage.swift */ = {isa = PBXFileReference; lastKnownFileType = sourcecode.swift; path = RemoteImage.swift; sourceTree = "<group>"; };
		C26F0ED12B5DEE9000AB4A80 /* AppetizerDetailView.swift */ = {isa = PBXFileReference; lastKnownFileType = sourcecode.swift; path = AppetizerDetailView.swift; sourceTree = "<group>"; };
		C2E10B452B5EA93100D51EC1 /* APButton.swift */ = {isa = PBXFileReference; lastKnownFileType = sourcecode.swift; path = APButton.swift; sourceTree = "<group>"; };
		C2E10B472B5EAA2C00D51EC1 /* XDismissButton.swift */ = {isa = PBXFileReference; lastKnownFileType = sourcecode.swift; path = XDismissButton.swift; sourceTree = "<group>"; };
		C2E10B492B5EB11800D51EC1 /* AppetizersAccountViewModel.swift */ = {isa = PBXFileReference; lastKnownFileType = sourcecode.swift; path = AppetizersAccountViewModel.swift; sourceTree = "<group>"; };
		C2E10B4B2B5EB4BB00D51EC1 /* String+Ext.swift */ = {isa = PBXFileReference; fileEncoding = 4; lastKnownFileType = sourcecode.swift; path = "String+Ext.swift"; sourceTree = "<group>"; };
		C2E10B4D2B5EB81900D51EC1 /* User.swift */ = {isa = PBXFileReference; lastKnownFileType = sourcecode.swift; path = User.swift; sourceTree = "<group>"; };
		C2E10B4F2B5EBCDE00D51EC1 /* AppetizersOrderView.swift */ = {isa = PBXFileReference; lastKnownFileType = sourcecode.swift; path = AppetizersOrderView.swift; sourceTree = "<group>"; };
		C2E10B522B5EBFD100D51EC1 /* EmptyState.swift */ = {isa = PBXFileReference; lastKnownFileType = sourcecode.swift; path = EmptyState.swift; sourceTree = "<group>"; };
		C2E10B542B5EC45700D51EC1 /* Order.swift */ = {isa = PBXFileReference; lastKnownFileType = sourcecode.swift; path = Order.swift; sourceTree = "<group>"; };
/* End PBXFileReference section */

/* Begin PBXFrameworksBuildPhase section */
		C26F0E762B5D237200AB4A80 /* Frameworks */ = {
			isa = PBXFrameworksBuildPhase;
			buildActionMask = 2147483647;
			files = (
			);
			runOnlyForDeploymentPostprocessing = 0;
		};
		C26F0E8A2B5D237300AB4A80 /* Frameworks */ = {
			isa = PBXFrameworksBuildPhase;
			buildActionMask = 2147483647;
			files = (
			);
			runOnlyForDeploymentPostprocessing = 0;
		};
		C26F0E942B5D237300AB4A80 /* Frameworks */ = {
			isa = PBXFrameworksBuildPhase;
			buildActionMask = 2147483647;
			files = (
			);
			runOnlyForDeploymentPostprocessing = 0;
		};
/* End PBXFrameworksBuildPhase section */

/* Begin PBXGroup section */
		C26F0E702B5D237200AB4A80 = {
			isa = PBXGroup;
			children = (
				C26F0E7B2B5D237200AB4A80 /* Appetizers */,
				C26F0E902B5D237300AB4A80 /* AppetizersTests */,
				C26F0E9A2B5D237300AB4A80 /* AppetizersUITests */,
				C26F0E7A2B5D237200AB4A80 /* Products */,
			);
			sourceTree = "<group>";
		};
		C26F0E7A2B5D237200AB4A80 /* Products */ = {
			isa = PBXGroup;
			children = (
				C26F0E792B5D237200AB4A80 /* Appetizers.app */,
				C26F0E8D2B5D237300AB4A80 /* AppetizersTests.xctest */,
				C26F0E972B5D237300AB4A80 /* AppetizersUITests.xctest */,
			);
			name = Products;
			sourceTree = "<group>";
		};
		C26F0E7B2B5D237200AB4A80 /* Appetizers */ = {
			isa = PBXGroup;
			children = (
				C26F0ECC2B5DEBDE00AB4A80 /* Models */,
				C26F0EC82B5DEABA00AB4A80 /* Utilities */,
				C26F0EC42B5DE8E600AB4A80 /* Screens */,
				C26F0ECD2B5DEBE900AB4A80 /* Views */,
				C26F0E7C2B5D237200AB4A80 /* AppetizersApp.swift */,
				C26F0E822B5D237300AB4A80 /* Assets.xcassets */,
				C26F0E872B5D237300AB4A80 /* Appetizers.entitlements */,
				C26F0E882B5D237300AB4A80 /* Info.plist */,
				C26F0E842B5D237300AB4A80 /* Preview Content */,
			);
			path = Appetizers;
			sourceTree = "<group>";
		};
		C26F0E842B5D237300AB4A80 /* Preview Content */ = {
			isa = PBXGroup;
			children = (
				C26F0E852B5D237300AB4A80 /* Preview Assets.xcassets */,
			);
			path = "Preview Content";
			sourceTree = "<group>";
		};
		C26F0E902B5D237300AB4A80 /* AppetizersTests */ = {
			isa = PBXGroup;
			children = (
				C26F0E912B5D237300AB4A80 /* AppetizersTests.swift */,
			);
			path = AppetizersTests;
			sourceTree = "<group>";
		};
		C26F0E9A2B5D237300AB4A80 /* AppetizersUITests */ = {
			isa = PBXGroup;
			children = (
				C26F0E9B2B5D237300AB4A80 /* AppetizersUITests.swift */,
				C26F0E9D2B5D237300AB4A80 /* AppetizersUITestsLaunchTests.swift */,
			);
			path = AppetizersUITests;
			sourceTree = "<group>";
		};
		C26F0EC42B5DE8E600AB4A80 /* Screens */ = {
			isa = PBXGroup;
			children = (
				C26F0EAA2B5D23AE00AB4A80 /* AppetizersTabView.swift */,
				C26F0EC52B5DE90300AB4A80 /* AppetizerListView */,
				C26F0EC62B5DE92000AB4A80 /* AccountView */,
				C26F0EC72B5DE95E00AB4A80 /* OrderView */,
			);
			path = Screens;
			sourceTree = "<group>";
		};
		C26F0EC52B5DE90300AB4A80 /* AppetizerListView */ = {
			isa = PBXGroup;
			children = (
				C26F0EAC2B5D23FB00AB4A80 /* AppetizersListView.swift */,
				C26F0EBC2B5D829A00AB4A80 /* AppetizerListViewModel.swift */,
				C26F0ED12B5DEE9000AB4A80 /* AppetizerDetailView.swift */,
			);
			path = AppetizerListView;
			sourceTree = "<group>";
		};
		C26F0EC62B5DE92000AB4A80 /* AccountView */ = {
			isa = PBXGroup;
			children = (
				C26F0EAE2B5D240D00AB4A80 /* AppetizersAccountView.swift */,
				C2E10B492B5EB11800D51EC1 /* AppetizersAccountViewModel.swift */,
			);
			path = AccountView;
			sourceTree = "<group>";
		};
		C26F0EC72B5DE95E00AB4A80 /* OrderView */ = {
			isa = PBXGroup;
			children = (
				C2E10B4F2B5EBCDE00D51EC1 /* AppetizersOrderView.swift */,
			);
			path = OrderView;
			sourceTree = "<group>";
		};
		C26F0EC82B5DEABA00AB4A80 /* Utilities */ = {
			isa = PBXGroup;
			children = (
				C26F0ECB2B5DEB7000AB4A80 /* Alert */,
				C26F0ECA2B5DEAEF00AB4A80 /* Extensions */,
				C26F0EC92B5DEACC00AB4A80 /* Managers */,
			);
			path = Utilities;
			sourceTree = "<group>";
		};
		C26F0EC92B5DEACC00AB4A80 /* Managers */ = {
			isa = PBXGroup;
			children = (
				C26F0EB62B5D3B4C00AB4A80 /* NetworkManager.swift */,
			);
			path = Managers;
			sourceTree = "<group>";
		};
		C26F0ECA2B5DEAEF00AB4A80 /* Extensions */ = {
			isa = PBXGroup;
			children = (
				C2E10B4B2B5EB4BB00D51EC1 /* String+Ext.swift */,
				C26F0EC02B5DC0B000AB4A80 /* Color+Ext.swift */,
			);
			path = Extensions;
			sourceTree = "<group>";
		};
		C26F0ECB2B5DEB7000AB4A80 /* Alert */ = {
			isa = PBXGroup;
			children = (
				C26F0EB82B5D3EC200AB4A80 /* APError.swift */,
				C26F0EBA2B5D802100AB4A80 /* Alert.swift */,
			);
			path = Alert;
			sourceTree = "<group>";
		};
		C26F0ECC2B5DEBDE00AB4A80 /* Models */ = {
			isa = PBXGroup;
			children = (
				C26F0EB22B5D2DEE00AB4A80 /* Appetizer.swift */,
				C2E10B4D2B5EB81900D51EC1 /* User.swift */,
				C2E10B542B5EC45700D51EC1 /* Order.swift */,
			);
			path = Models;
			sourceTree = "<group>";
		};
		C26F0ECD2B5DEBE900AB4A80 /* Views */ = {
			isa = PBXGroup;
			children = (
				C2E10B512B5EBFB900D51EC1 /* Empty States */,
				C2E10B442B5EA92100D51EC1 /* Button */,
				C26F0ED02B5DEC6D00AB4A80 /* Image */,
				C26F0ECF2B5DEC3300AB4A80 /* Cells */,
				C26F0ECE2B5DEC0800AB4A80 /* UIkit Components */,
			);
			path = Views;
			sourceTree = "<group>";
		};
		C26F0ECE2B5DEC0800AB4A80 /* UIkit Components */ = {
			isa = PBXGroup;
			children = (
				C26F0EBE2B5DBF7400AB4A80 /* LoadingView.swift */,
			);
			path = "UIkit Components";
			sourceTree = "<group>";
		};
		C26F0ECF2B5DEC3300AB4A80 /* Cells */ = {
			isa = PBXGroup;
			children = (
				C26F0EB42B5D39C500AB4A80 /* AppetizerListCellView.swift */,
			);
			path = Cells;
			sourceTree = "<group>";
		};
		C26F0ED02B5DEC6D00AB4A80 /* Image */ = {
			isa = PBXGroup;
			children = (
				C26F0EC22B5DE20900AB4A80 /* RemoteImage.swift */,
			);
			path = Image;
			sourceTree = "<group>";
		};
		C2E10B442B5EA92100D51EC1 /* Button */ = {
			isa = PBXGroup;
			children = (
				C2E10B452B5EA93100D51EC1 /* APButton.swift */,
				C2E10B472B5EAA2C00D51EC1 /* XDismissButton.swift */,
			);
			path = Button;
			sourceTree = "<group>";
		};
		C2E10B512B5EBFB900D51EC1 /* Empty States */ = {
			isa = PBXGroup;
			children = (
				C2E10B522B5EBFD100D51EC1 /* EmptyState.swift */,
			);
			path = "Empty States";
			sourceTree = "<group>";
		};
/* End PBXGroup section */

/* Begin PBXNativeTarget section */
		C26F0E782B5D237200AB4A80 /* Appetizers */ = {
			isa = PBXNativeTarget;
			buildConfigurationList = C26F0EA12B5D237300AB4A80 /* Build configuration list for PBXNativeTarget "Appetizers" */;
			buildPhases = (
				C26F0E752B5D237200AB4A80 /* Sources */,
				C26F0E762B5D237200AB4A80 /* Frameworks */,
				C26F0E772B5D237200AB4A80 /* Resources */,
			);
			buildRules = (
			);
			dependencies = (
			);
			name = Appetizers;
			productName = Appetizers;
			productReference = C26F0E792B5D237200AB4A80 /* Appetizers.app */;
			productType = "com.apple.product-type.application";
		};
		C26F0E8C2B5D237300AB4A80 /* AppetizersTests */ = {
			isa = PBXNativeTarget;
			buildConfigurationList = C26F0EA42B5D237300AB4A80 /* Build configuration list for PBXNativeTarget "AppetizersTests" */;
			buildPhases = (
				C26F0E892B5D237300AB4A80 /* Sources */,
				C26F0E8A2B5D237300AB4A80 /* Frameworks */,
				C26F0E8B2B5D237300AB4A80 /* Resources */,
			);
			buildRules = (
			);
			dependencies = (
				C26F0E8F2B5D237300AB4A80 /* PBXTargetDependency */,
			);
			name = AppetizersTests;
			productName = AppetizersTests;
			productReference = C26F0E8D2B5D237300AB4A80 /* AppetizersTests.xctest */;
			productType = "com.apple.product-type.bundle.unit-test";
		};
		C26F0E962B5D237300AB4A80 /* AppetizersUITests */ = {
			isa = PBXNativeTarget;
			buildConfigurationList = C26F0EA72B5D237300AB4A80 /* Build configuration list for PBXNativeTarget "AppetizersUITests" */;
			buildPhases = (
				C26F0E932B5D237300AB4A80 /* Sources */,
				C26F0E942B5D237300AB4A80 /* Frameworks */,
				C26F0E952B5D237300AB4A80 /* Resources */,
			);
			buildRules = (
			);
			dependencies = (
				C26F0E992B5D237300AB4A80 /* PBXTargetDependency */,
			);
			name = AppetizersUITests;
			productName = AppetizersUITests;
			productReference = C26F0E972B5D237300AB4A80 /* AppetizersUITests.xctest */;
			productType = "com.apple.product-type.bundle.ui-testing";
		};
/* End PBXNativeTarget section */

/* Begin PBXProject section */
		C26F0E712B5D237200AB4A80 /* Project object */ = {
			isa = PBXProject;
			attributes = {
				BuildIndependentTargetsInParallel = 1;
				LastSwiftUpdateCheck = 1500;
				LastUpgradeCheck = 1500;
				TargetAttributes = {
					C26F0E782B5D237200AB4A80 = {
						CreatedOnToolsVersion = 15.0;
					};
					C26F0E8C2B5D237300AB4A80 = {
						CreatedOnToolsVersion = 15.0;
						TestTargetID = C26F0E782B5D237200AB4A80;
					};
					C26F0E962B5D237300AB4A80 = {
						CreatedOnToolsVersion = 15.0;
						TestTargetID = C26F0E782B5D237200AB4A80;
					};
				};
			};
			buildConfigurationList = C26F0E742B5D237200AB4A80 /* Build configuration list for PBXProject "Appetizers" */;
			compatibilityVersion = "Xcode 14.0";
			developmentRegion = en;
			hasScannedForEncodings = 0;
			knownRegions = (
				en,
				Base,
			);
			mainGroup = C26F0E702B5D237200AB4A80;
			productRefGroup = C26F0E7A2B5D237200AB4A80 /* Products */;
			projectDirPath = "";
			projectRoot = "";
			targets = (
				C26F0E782B5D237200AB4A80 /* Appetizers */,
				C26F0E8C2B5D237300AB4A80 /* AppetizersTests */,
				C26F0E962B5D237300AB4A80 /* AppetizersUITests */,
			);
		};
/* End PBXProject section */

/* Begin PBXResourcesBuildPhase section */
		C26F0E772B5D237200AB4A80 /* Resources */ = {
			isa = PBXResourcesBuildPhase;
			buildActionMask = 2147483647;
			files = (
				C26F0E862B5D237300AB4A80 /* Preview Assets.xcassets in Resources */,
				C26F0E832B5D237300AB4A80 /* Assets.xcassets in Resources */,
			);
			runOnlyForDeploymentPostprocessing = 0;
		};
		C26F0E8B2B5D237300AB4A80 /* Resources */ = {
			isa = PBXResourcesBuildPhase;
			buildActionMask = 2147483647;
			files = (
			);
			runOnlyForDeploymentPostprocessing = 0;
		};
		C26F0E952B5D237300AB4A80 /* Resources */ = {
			isa = PBXResourcesBuildPhase;
			buildActionMask = 2147483647;
			files = (
			);
			runOnlyForDeploymentPostprocessing = 0;
		};
/* End PBXResourcesBuildPhase section */

/* Begin PBXSourcesBuildPhase section */
		C26F0E752B5D237200AB4A80 /* Sources */ = {
			isa = PBXSourcesBuildPhase;
			buildActionMask = 2147483647;
			files = (
				C26F0EB72B5D3B4C00AB4A80 /* NetworkManager.swift in Sources */,
				C26F0EC12B5DC0B000AB4A80 /* Color+Ext.swift in Sources */,
				C2E10B482B5EAA2C00D51EC1 /* XDismissButton.swift in Sources */,
				C26F0EC32B5DE20900AB4A80 /* RemoteImage.swift in Sources */,
				C2E10B552B5EC45700D51EC1 /* Order.swift in Sources */,
				C26F0EB52B5D39C500AB4A80 /* AppetizerListCellView.swift in Sources */,
				C26F0EAF2B5D240D00AB4A80 /* AppetizersAccountView.swift in Sources */,
				C2E10B462B5EA93100D51EC1 /* APButton.swift in Sources */,
				C2E10B4E2B5EB81900D51EC1 /* User.swift in Sources */,
				C2E10B4A2B5EB11800D51EC1 /* AppetizersAccountViewModel.swift in Sources */,
				C26F0EB92B5D3EC200AB4A80 /* APError.swift in Sources */,
				C2E10B502B5EBCDE00D51EC1 /* AppetizersOrderView.swift in Sources */,
				C26F0EAD2B5D23FB00AB4A80 /* AppetizersListView.swift in Sources */,
				C26F0EBD2B5D829A00AB4A80 /* AppetizerListViewModel.swift in Sources */,
				C26F0EB32B5D2DEE00AB4A80 /* Appetizer.swift in Sources */,
				C2E10B4C2B5EB4BB00D51EC1 /* String+Ext.swift in Sources */,
				C2E10B532B5EBFD100D51EC1 /* EmptyState.swift in Sources */,
				C26F0ED22B5DEE9000AB4A80 /* AppetizerDetailView.swift in Sources */,
				C26F0EBB2B5D802100AB4A80 /* Alert.swift in Sources */,
				C26F0E7D2B5D237200AB4A80 /* AppetizersApp.swift in Sources */,
				C26F0EBF2B5DBF7400AB4A80 /* LoadingView.swift in Sources */,
				C26F0EAB2B5D23AE00AB4A80 /* AppetizersTabView.swift in Sources */,
			);
			runOnlyForDeploymentPostprocessing = 0;
		};
		C26F0E892B5D237300AB4A80 /* Sources */ = {
			isa = PBXSourcesBuildPhase;
			buildActionMask = 2147483647;
			files = (
				C26F0E922B5D237300AB4A80 /* AppetizersTests.swift in Sources */,
			);
			runOnlyForDeploymentPostprocessing = 0;
		};
		C26F0E932B5D237300AB4A80 /* Sources */ = {
			isa = PBXSourcesBuildPhase;
			buildActionMask = 2147483647;
			files = (
				C26F0E9C2B5D237300AB4A80 /* AppetizersUITests.swift in Sources */,
				C26F0E9E2B5D237300AB4A80 /* AppetizersUITestsLaunchTests.swift in Sources */,
			);
			runOnlyForDeploymentPostprocessing = 0;
		};
/* End PBXSourcesBuildPhase section */

/* Begin PBXTargetDependency section */
		C26F0E8F2B5D237300AB4A80 /* PBXTargetDependency */ = {
			isa = PBXTargetDependency;
			target = C26F0E782B5D237200AB4A80 /* Appetizers */;
			targetProxy = C26F0E8E2B5D237300AB4A80 /* PBXContainerItemProxy */;
		};
		C26F0E992B5D237300AB4A80 /* PBXTargetDependency */ = {
			isa = PBXTargetDependency;
			target = C26F0E782B5D237200AB4A80 /* Appetizers */;
			targetProxy = C26F0E982B5D237300AB4A80 /* PBXContainerItemProxy */;
		};
/* End PBXTargetDependency section */

/* Begin XCBuildConfiguration section */
		C26F0E9F2B5D237300AB4A80 /* Debug */ = {
			isa = XCBuildConfiguration;
			buildSettings = {
				ALWAYS_SEARCH_USER_PATHS = NO;
				ASSETCATALOG_COMPILER_GENERATE_SWIFT_ASSET_SYMBOL_EXTENSIONS = YES;
				CLANG_ANALYZER_NONNULL = YES;
				CLANG_ANALYZER_NUMBER_OBJECT_CONVERSION = YES_AGGRESSIVE;
				CLANG_CXX_LANGUAGE_STANDARD = "gnu++20";
				CLANG_ENABLE_MODULES = YES;
				CLANG_ENABLE_OBJC_ARC = YES;
				CLANG_ENABLE_OBJC_WEAK = YES;
				CLANG_WARN_BLOCK_CAPTURE_AUTORELEASING = YES;
				CLANG_WARN_BOOL_CONVERSION = YES;
				CLANG_WARN_COMMA = YES;
				CLANG_WARN_CONSTANT_CONVERSION = YES;
				CLANG_WARN_DEPRECATED_OBJC_IMPLEMENTATIONS = YES;
				CLANG_WARN_DIRECT_OBJC_ISA_USAGE = YES_ERROR;
				CLANG_WARN_DOCUMENTATION_COMMENTS = YES;
				CLANG_WARN_EMPTY_BODY = YES;
				CLANG_WARN_ENUM_CONVERSION = YES;
				CLANG_WARN_INFINITE_RECURSION = YES;
				CLANG_WARN_INT_CONVERSION = YES;
				CLANG_WARN_NON_LITERAL_NULL_CONVERSION = YES;
				CLANG_WARN_OBJC_IMPLICIT_RETAIN_SELF = YES;
				CLANG_WARN_OBJC_LITERAL_CONVERSION = YES;
				CLANG_WARN_OBJC_ROOT_CLASS = YES_ERROR;
				CLANG_WARN_QUOTED_INCLUDE_IN_FRAMEWORK_HEADER = YES;
				CLANG_WARN_RANGE_LOOP_ANALYSIS = YES;
				CLANG_WARN_STRICT_PROTOTYPES = YES;
				CLANG_WARN_SUSPICIOUS_MOVE = YES;
				CLANG_WARN_UNGUARDED_AVAILABILITY = YES_AGGRESSIVE;
				CLANG_WARN_UNREACHABLE_CODE = YES;
				CLANG_WARN__DUPLICATE_METHOD_MATCH = YES;
				COPY_PHASE_STRIP = NO;
				DEBUG_INFORMATION_FORMAT = dwarf;
				ENABLE_STRICT_OBJC_MSGSEND = YES;
				ENABLE_TESTABILITY = YES;
				ENABLE_USER_SCRIPT_SANDBOXING = YES;
				GCC_C_LANGUAGE_STANDARD = gnu17;
				GCC_DYNAMIC_NO_PIC = NO;
				GCC_NO_COMMON_BLOCKS = YES;
				GCC_OPTIMIZATION_LEVEL = 0;
				GCC_PREPROCESSOR_DEFINITIONS = (
					"DEBUG=1",
					"$(inherited)",
				);
				GCC_WARN_64_TO_32_BIT_CONVERSION = YES;
				GCC_WARN_ABOUT_RETURN_TYPE = YES_ERROR;
				GCC_WARN_UNDECLARED_SELECTOR = YES;
				GCC_WARN_UNINITIALIZED_AUTOS = YES_AGGRESSIVE;
				GCC_WARN_UNUSED_FUNCTION = YES;
				GCC_WARN_UNUSED_VARIABLE = YES;
				IPHONEOS_DEPLOYMENT_TARGET = 17.0;
				LOCALIZATION_PREFERS_STRING_CATALOGS = YES;
				MTL_ENABLE_DEBUG_INFO = INCLUDE_SOURCE;
				MTL_FAST_MATH = YES;
				ONLY_ACTIVE_ARCH = YES;
				SDKROOT = iphoneos;
				SWIFT_ACTIVE_COMPILATION_CONDITIONS = "DEBUG $(inherited)";
				SWIFT_OPTIMIZATION_LEVEL = "-Onone";
			};
			name = Debug;
		};
		C26F0EA02B5D237300AB4A80 /* Release */ = {
			isa = XCBuildConfiguration;
			buildSettings = {
				ALWAYS_SEARCH_USER_PATHS = NO;
				ASSETCATALOG_COMPILER_GENERATE_SWIFT_ASSET_SYMBOL_EXTENSIONS = YES;
				CLANG_ANALYZER_NONNULL = YES;
				CLANG_ANALYZER_NUMBER_OBJECT_CONVERSION = YES_AGGRESSIVE;
				CLANG_CXX_LANGUAGE_STANDARD = "gnu++20";
				CLANG_ENABLE_MODULES = YES;
				CLANG_ENABLE_OBJC_ARC = YES;
				CLANG_ENABLE_OBJC_WEAK = YES;
				CLANG_WARN_BLOCK_CAPTURE_AUTORELEASING = YES;
				CLANG_WARN_BOOL_CONVERSION = YES;
				CLANG_WARN_COMMA = YES;
				CLANG_WARN_CONSTANT_CONVERSION = YES;
				CLANG_WARN_DEPRECATED_OBJC_IMPLEMENTATIONS = YES;
				CLANG_WARN_DIRECT_OBJC_ISA_USAGE = YES_ERROR;
				CLANG_WARN_DOCUMENTATION_COMMENTS = YES;
				CLANG_WARN_EMPTY_BODY = YES;
				CLANG_WARN_ENUM_CONVERSION = YES;
				CLANG_WARN_INFINITE_RECURSION = YES;
				CLANG_WARN_INT_CONVERSION = YES;
				CLANG_WARN_NON_LITERAL_NULL_CONVERSION = YES;
				CLANG_WARN_OBJC_IMPLICIT_RETAIN_SELF = YES;
				CLANG_WARN_OBJC_LITERAL_CONVERSION = YES;
				CLANG_WARN_OBJC_ROOT_CLASS = YES_ERROR;
				CLANG_WARN_QUOTED_INCLUDE_IN_FRAMEWORK_HEADER = YES;
				CLANG_WARN_RANGE_LOOP_ANALYSIS = YES;
				CLANG_WARN_STRICT_PROTOTYPES = YES;
				CLANG_WARN_SUSPICIOUS_MOVE = YES;
				CLANG_WARN_UNGUARDED_AVAILABILITY = YES_AGGRESSIVE;
				CLANG_WARN_UNREACHABLE_CODE = YES;
				CLANG_WARN__DUPLICATE_METHOD_MATCH = YES;
				COPY_PHASE_STRIP = NO;
				DEBUG_INFORMATION_FORMAT = "dwarf-with-dsym";
				ENABLE_NS_ASSERTIONS = NO;
				ENABLE_STRICT_OBJC_MSGSEND = YES;
				ENABLE_USER_SCRIPT_SANDBOXING = YES;
				GCC_C_LANGUAGE_STANDARD = gnu17;
				GCC_NO_COMMON_BLOCKS = YES;
				GCC_WARN_64_TO_32_BIT_CONVERSION = YES;
				GCC_WARN_ABOUT_RETURN_TYPE = YES_ERROR;
				GCC_WARN_UNDECLARED_SELECTOR = YES;
				GCC_WARN_UNINITIALIZED_AUTOS = YES_AGGRESSIVE;
				GCC_WARN_UNUSED_FUNCTION = YES;
				GCC_WARN_UNUSED_VARIABLE = YES;
				IPHONEOS_DEPLOYMENT_TARGET = 17.0;
				LOCALIZATION_PREFERS_STRING_CATALOGS = YES;
				MTL_ENABLE_DEBUG_INFO = NO;
				MTL_FAST_MATH = YES;
				SDKROOT = iphoneos;
				SWIFT_COMPILATION_MODE = wholemodule;
				VALIDATE_PRODUCT = YES;
			};
			name = Release;
		};
		C26F0EA22B5D237300AB4A80 /* Debug */ = {
			isa = XCBuildConfiguration;
			buildSettings = {
				ASSETCATALOG_COMPILER_APPICON_NAME = AppIcon;
				ASSETCATALOG_COMPILER_GLOBAL_ACCENT_COLOR_NAME = AccentColor;
				CODE_SIGN_ENTITLEMENTS = Appetizers/Appetizers.entitlements;
				CODE_SIGN_STYLE = Automatic;
				CURRENT_PROJECT_VERSION = 1;
				DEVELOPMENT_ASSET_PATHS = "\"Appetizers/Preview Content\"";
				DEVELOPMENT_TEAM = 63Y44K7SKR;
				ENABLE_PREVIEWS = YES;
				GENERATE_INFOPLIST_FILE = YES;
				INFOPLIST_FILE = Appetizers/Info.plist;
				INFOPLIST_KEY_UIApplicationSceneManifest_Generation = YES;
				INFOPLIST_KEY_UIApplicationSupportsIndirectInputEvents = YES;
				INFOPLIST_KEY_UILaunchScreen_Generation = YES;
				INFOPLIST_KEY_UISupportedInterfaceOrientations_iPad = "UIInterfaceOrientationPortrait UIInterfaceOrientationPortraitUpsideDown UIInterfaceOrientationLandscapeLeft UIInterfaceOrientationLandscapeRight";
				INFOPLIST_KEY_UISupportedInterfaceOrientations_iPhone = "UIInterfaceOrientationPortrait UIInterfaceOrientationLandscapeLeft UIInterfaceOrientationLandscapeRight";
				LD_RUNPATH_SEARCH_PATHS = (
					"$(inherited)",
					"@executable_path/Frameworks",
				);
				MARKETING_VERSION = 1.0;
				PRODUCT_BUNDLE_IDENTIFIER = ca.radiko.Appetizers;
				PRODUCT_NAME = "$(TARGET_NAME)";
				SWIFT_EMIT_LOC_STRINGS = YES;
				SWIFT_VERSION = 5.0;
				TARGETED_DEVICE_FAMILY = "1,2";
			};
			name = Debug;
		};
		C26F0EA32B5D237300AB4A80 /* Release */ = {
			isa = XCBuildConfiguration;
			buildSettings = {
				ASSETCATALOG_COMPILER_APPICON_NAME = AppIcon;
				ASSETCATALOG_COMPILER_GLOBAL_ACCENT_COLOR_NAME = AccentColor;
				CODE_SIGN_ENTITLEMENTS = Appetizers/Appetizers.entitlements;
				CODE_SIGN_STYLE = Automatic;
				CURRENT_PROJECT_VERSION = 1;
				DEVELOPMENT_ASSET_PATHS = "\"Appetizers/Preview Content\"";
				DEVELOPMENT_TEAM = 63Y44K7SKR;
				ENABLE_PREVIEWS = YES;
				GENERATE_INFOPLIST_FILE = YES;
				INFOPLIST_FILE = Appetizers/Info.plist;
				INFOPLIST_KEY_UIApplicationSceneManifest_Generation = YES;
				INFOPLIST_KEY_UIApplicationSupportsIndirectInputEvents = YES;
				INFOPLIST_KEY_UILaunchScreen_Generation = YES;
				INFOPLIST_KEY_UISupportedInterfaceOrientations_iPad = "UIInterfaceOrientationPortrait UIInterfaceOrientationPortraitUpsideDown UIInterfaceOrientationLandscapeLeft UIInterfaceOrientationLandscapeRight";
				INFOPLIST_KEY_UISupportedInterfaceOrientations_iPhone = "UIInterfaceOrientationPortrait UIInterfaceOrientationLandscapeLeft UIInterfaceOrientationLandscapeRight";
				LD_RUNPATH_SEARCH_PATHS = (
					"$(inherited)",
					"@executable_path/Frameworks",
				);
				MARKETING_VERSION = 1.0;
				PRODUCT_BUNDLE_IDENTIFIER = ca.radiko.Appetizers;
				PRODUCT_NAME = "$(TARGET_NAME)";
				SWIFT_EMIT_LOC_STRINGS = YES;
				SWIFT_VERSION = 5.0;
				TARGETED_DEVICE_FAMILY = "1,2";
			};
			name = Release;
		};
		C26F0EA52B5D237300AB4A80 /* Debug */ = {
			isa = XCBuildConfiguration;
			buildSettings = {
				ALWAYS_EMBED_SWIFT_STANDARD_LIBRARIES = YES;
				BUNDLE_LOADER = "$(TEST_HOST)";
				CODE_SIGN_STYLE = Automatic;
				CURRENT_PROJECT_VERSION = 1;
				DEVELOPMENT_TEAM = 63Y44K7SKR;
				GENERATE_INFOPLIST_FILE = YES;
				IPHONEOS_DEPLOYMENT_TARGET = 17.0;
				MARKETING_VERSION = 1.0;
				PRODUCT_BUNDLE_IDENTIFIER = ca.radiko.AppetizersTests;
				PRODUCT_NAME = "$(TARGET_NAME)";
				SWIFT_EMIT_LOC_STRINGS = NO;
				SWIFT_VERSION = 5.0;
				TARGETED_DEVICE_FAMILY = "1,2";
				TEST_HOST = "$(BUILT_PRODUCTS_DIR)/Appetizers.app/$(BUNDLE_EXECUTABLE_FOLDER_PATH)/Appetizers";
			};
			name = Debug;
		};
		C26F0EA62B5D237300AB4A80 /* Release */ = {
			isa = XCBuildConfiguration;
			buildSettings = {
				ALWAYS_EMBED_SWIFT_STANDARD_LIBRARIES = YES;
				BUNDLE_LOADER = "$(TEST_HOST)";
				CODE_SIGN_STYLE = Automatic;
				CURRENT_PROJECT_VERSION = 1;
				DEVELOPMENT_TEAM = 63Y44K7SKR;
				GENERATE_INFOPLIST_FILE = YES;
				IPHONEOS_DEPLOYMENT_TARGET = 17.0;
				MARKETING_VERSION = 1.0;
				PRODUCT_BUNDLE_IDENTIFIER = ca.radiko.AppetizersTests;
				PRODUCT_NAME = "$(TARGET_NAME)";
				SWIFT_EMIT_LOC_STRINGS = NO;
				SWIFT_VERSION = 5.0;
				TARGETED_DEVICE_FAMILY = "1,2";
				TEST_HOST = "$(BUILT_PRODUCTS_DIR)/Appetizers.app/$(BUNDLE_EXECUTABLE_FOLDER_PATH)/Appetizers";
			};
			name = Release;
		};
		C26F0EA82B5D237300AB4A80 /* Debug */ = {
			isa = XCBuildConfiguration;
			buildSettings = {
				ALWAYS_EMBED_SWIFT_STANDARD_LIBRARIES = YES;
				CODE_SIGN_STYLE = Automatic;
				CURRENT_PROJECT_VERSION = 1;
				DEVELOPMENT_TEAM = 63Y44K7SKR;
				GENERATE_INFOPLIST_FILE = YES;
				MARKETING_VERSION = 1.0;
				PRODUCT_BUNDLE_IDENTIFIER = ca.radiko.AppetizersUITests;
				PRODUCT_NAME = "$(TARGET_NAME)";
				SWIFT_EMIT_LOC_STRINGS = NO;
				SWIFT_VERSION = 5.0;
				TARGETED_DEVICE_FAMILY = "1,2";
				TEST_TARGET_NAME = Appetizers;
			};
			name = Debug;
		};
		C26F0EA92B5D237300AB4A80 /* Release */ = {
			isa = XCBuildConfiguration;
			buildSettings = {
				ALWAYS_EMBED_SWIFT_STANDARD_LIBRARIES = YES;
				CODE_SIGN_STYLE = Automatic;
				CURRENT_PROJECT_VERSION = 1;
				DEVELOPMENT_TEAM = 63Y44K7SKR;
				GENERATE_INFOPLIST_FILE = YES;
				MARKETING_VERSION = 1.0;
				PRODUCT_BUNDLE_IDENTIFIER = ca.radiko.AppetizersUITests;
				PRODUCT_NAME = "$(TARGET_NAME)";
				SWIFT_EMIT_LOC_STRINGS = NO;
				SWIFT_VERSION = 5.0;
				TARGETED_DEVICE_FAMILY = "1,2";
				TEST_TARGET_NAME = Appetizers;
			};
			name = Release;
		};
/* End XCBuildConfiguration section */

/* Begin XCConfigurationList section */
		C26F0E742B5D237200AB4A80 /* Build configuration list for PBXProject "Appetizers" */ = {
			isa = XCConfigurationList;
			buildConfigurations = (
				C26F0E9F2B5D237300AB4A80 /* Debug */,
				C26F0EA02B5D237300AB4A80 /* Release */,
			);
			defaultConfigurationIsVisible = 0;
			defaultConfigurationName = Release;
		};
		C26F0EA12B5D237300AB4A80 /* Build configuration list for PBXNativeTarget "Appetizers" */ = {
			isa = XCConfigurationList;
			buildConfigurations = (
				C26F0EA22B5D237300AB4A80 /* Debug */,
				C26F0EA32B5D237300AB4A80 /* Release */,
			);
			defaultConfigurationIsVisible = 0;
			defaultConfigurationName = Release;
		};
		C26F0EA42B5D237300AB4A80 /* Build configuration list for PBXNativeTarget "AppetizersTests" */ = {
			isa = XCConfigurationList;
			buildConfigurations = (
				C26F0EA52B5D237300AB4A80 /* Debug */,
				C26F0EA62B5D237300AB4A80 /* Release */,
			);
			defaultConfigurationIsVisible = 0;
			defaultConfigurationName = Release;
		};
		C26F0EA72B5D237300AB4A80 /* Build configuration list for PBXNativeTarget "AppetizersUITests" */ = {
			isa = XCConfigurationList;
			buildConfigurations = (
				C26F0EA82B5D237300AB4A80 /* Debug */,
				C26F0EA92B5D237300AB4A80 /* Release */,
			);
			defaultConfigurationIsVisible = 0;
			defaultConfigurationName = Release;
		};
/* End XCConfigurationList section */
	};
	rootObject = C26F0E712B5D237200AB4A80 /* Project object */;
}
